
Microsoft Visual Studio Solution File, Format Version 12.00
# Visual Studio Version 17
VisualStudioVersion = 17.14.37301.10
MinimumVisualStudioVersion = 10.0.40219.1
Project("{FAE04EC0-301F-11D3-BF4B-00C04F79EFBC}") = "CafeOrder", "CafeOrder.csproj", "{A794E4A3-D8B1-46B4-860F-DA3F73E97F01}"
EndProject
Global
	GlobalSection(SolutionConfigurationPlatforms) = preSolution
		Debug|Any CPU = Debug|Any CPU
		Release|Any CPU = Release|Any CPU
	EndGlobalSection
	GlobalSection(ProjectConfigurationPlatforms) = postSolution
		{A794E4A3-D8B1-46B4-860F-DA3F73E97F01}.Debug|Any CPU.ActiveCfg = Debug|Any CPU
		{A794E4A3-D8B1-46B4-860F-DA3F73E97F01}.Debug|Any CPU.Build.0 = Debug|Any CPU
		{A794E4A3-D8B1-46B4-860F-DA3F73E97F01}.Release|Any CPU.ActiveCfg = Release|Any CPU
		{A794E4A3-D8B1-46B4-860F-DA3F73E97F01}.Release|Any CPU.Build.0 = Release|Any CPU
	EndGlobalSection
	GlobalSection(SolutionProperties) = preSolution
		HideSolutionNode = FALSE
	EndGlobalSection
	GlobalSection(ExtensibilityGlobals) = postSolution
		SolutionGuid = {0D068B55-575B-4325-9B15-79ADF8B83E27}
	EndGlobalSection
EndGlobal
